
Microsoft Visual Studio Solution File, Format Version 12.00
# Visual Studio Version 17
VisualStudioVersion = 17.9.34723.18
MinimumVisualStudioVersion = 10.0.40219.1
Project("{FAE04EC0-301F-11D3-BF4B-00C04F79EFBC}") = "DeltaBrainsJSCAppFE", "DeltaBrainsJSCAppFE\DeltaBrainsJSCAppFE.csproj", "{346F168B-B3BA-43D6-B2FA-68B8F7814625}"
EndProject
Global
	GlobalSection(SolutionConfigurationPlatforms) = preSolution
		Debug|Any CPU = Debug|Any CPU
		Release|Any CPU = Release|Any CPU
	EndGlobalSection
	GlobalSection(ProjectConfigurationPlatforms) = postSolution
		{346F168B-B3BA-43D6-B2FA-68B8F7814625}.Debug|Any CPU.ActiveCfg = Debug|Any CPU
		{346F168B-B3BA-43D6-B2FA-68B8F7814625}.Debug|Any CPU.Build.0 = Debug|Any CPU
		{346F168B-B3BA-43D6-B2FA-68B8F7814625}.Release|Any CPU.ActiveCfg = Release|Any CPU
		{346F168B-B3BA-43D6-B2FA-68B8F7814625}.Release|Any CPU.Build.0 = Release|Any CPU
	EndGlobalSection
	GlobalSection(SolutionProperties) = preSolution
		HideSolutionNode = FALSE
	EndGlobalSection
	GlobalSection(ExtensibilityGlobals) = postSolution
		SolutionGuid = {64E3CFF5-2410-4FDD-8289-E4B6E42B3DBF}
	EndGlobalSection
EndGlobal
